{
  "name": "parser-test",
  "version": "1.0.0",
  "lockfileVersion": 2,
  "requires": true,
  "packages": {
    "": {
      "name": "parser-test",
      "version": "1.0.0",
      "license": "ISC",
      "dependencies": {
        "@zip.js/zip.js": "^2.3.18"
      }
    },
    "node_modules/@zip.js/zip.js": {
      "version": "2.3.18",
      "resolved": "https://registry.npmjs.org/@zip.js/zip.js/-/zip.js-2.3.18.tgz",
      "integrity": "sha512-l1EZPiL9ZsIGwdvjPsqCC9BbhBvYt49W9gfPA8RgabS8bJuPvFFHY71IgwHxC8KlOLv54X07NXK7tvw5VZv6hA=="
    }
  },
  "dependencies": {
    "@zip.js/zip.js": {
      "version": "2.3.18",
      "resolved": "https://registry.npmjs.org/@zip.js/zip.js/-/zip.js-2.3.18.tgz",
      "integrity": "sha512-l1EZPiL9ZsIGwdvjPsqCC9BbhBvYt49W9gfPA8RgabS8bJuPvFFHY71IgwHxC8KlOLv54X07NXK7tvw5VZv6hA=="
    }
  }
}
